[[package]]
name = "chess"
version = "1.9.0"
description = "A chess library with move generation and validation, Polyglot opening book probing, PGN reading and writing, Gaviota tablebase probing, Syzygy tablebase probing, and XBoard/UCI engine communication."
category = "main"
optional = false
python-versions = ">=3.7"

[[package]]
name = "pyserial"
version = "3.5"
description = "Python Serial Port Extension"
category = "main"
optional = false
python-versions = "*"

[package.extras]
cp2110 = ["hidapi"]

[[package]]
name = "python-chess"
version = "1.999"
description = "A chess library with move generation, move validation, and support for common formats."
category = "main"
optional = false
python-versions = "*"

[package.dependencies]
chess = ">=1,<2"

[metadata]
lock-version = "1.1"
python-versions = ">=3.8,<3.11"
content-hash = "afb5419df9320c1dc5c34cb35c01484ed1456be154b7454b6db502ff063756f2"

[metadata.files]
chess = [
    {file = "chess-1.9.0-py3-none-any.whl", hash = "sha256:02d1169a3db21451216474971f95b0609f4a22a18d2ced591a04b038357838fb"},
    {file = "chess-1.9.0.tar.gz", hash = "sha256:7791833312ca930821a415d01e5b743e99fb540d65cae6cca0e02ba6a352a452"},
]
pyserial = [
    {file = "pyserial-3.5-py2.py3-none-any.whl", hash = "sha256:c4451db6ba391ca6ca299fb3ec7bae67a5c55dde170964c7a14ceefec02f2cf0"},
    {file = "pyserial-3.5.tar.gz", hash = "sha256:3c77e014170dfffbd816e6ffc205e9842efb10be9f58ec16d3e8675b4925cddb"},
]
python-chess = [
    {file = "python-chess-1.999.tar.gz", hash = "sha256:8cad0388c42242d890ac6368ad64def15cd0165db033df0ad479492e266e5e6c"},
    {file = "python_chess-1.999-py3-none-any.whl", hash = "sha256:93b562f8f1124cb7bf56fb095e18743758e69dc6a028ccda0badcaa5c59d88c8"},
]
